
Microsoft Visual Studio Solution File, Format Version 12.00
# Visual Studio Version 16
VisualStudioVersion = 16.0.31702.278
MinimumVisualStudioVersion = 10.0.40219.1
Project("{FAE04EC0-301F-11D3-BF4B-00C04F79EFBC}") = "GISMVC", "GISMVC.csproj", "{2ABF5C7E-74E5-41C5-A5EF-39C5078FE6AA}"
EndProject
Global
	GlobalSection(SolutionConfigurationPlatforms) = preSolution
		Debug|Any CPU = Debug|Any CPU
		Release|Any CPU = Release|Any CPU
	EndGlobalSection
	GlobalSection(ProjectConfigurationPlatforms) = postSolution
		{2ABF5C7E-74E5-41C5-A5EF-39C5078FE6AA}.Debug|Any CPU.ActiveCfg = Debug|Any CPU
		{2ABF5C7E-74E5-41C5-A5EF-39C5078FE6AA}.Debug|Any CPU.Build.0 = Debug|Any CPU
		{2ABF5C7E-74E5-41C5-A5EF-39C5078FE6AA}.Release|Any CPU.ActiveCfg = Release|Any CPU
		{2ABF5C7E-74E5-41C5-A5EF-39C5078FE6AA}.Release|Any CPU.Build.0 = Release|Any CPU
	EndGlobalSection
	GlobalSection(SolutionProperties) = preSolution
		HideSolutionNode = FALSE
	EndGlobalSection
	GlobalSection(ExtensibilityGlobals) = postSolution
		SolutionGuid = {5A1DB7AB-DFB7-49F0-B8BB-44297C8A6E68}
	EndGlobalSection
EndGlobal
